
Microsoft Visual Studio Solution File, Format Version 12.00
# Visual Studio 14
VisualStudioVersion = 14.0.24720.0
MinimumVisualStudioVersion = 10.0.40219.1
Project("{FAE04EC0-301F-11D3-BF4B-00C04F79EFBC}") = "420-476_VIVLIO", "420-476_VIVLIO\420-476_VIVLIO.csproj", "{67A601C5-F367-4294-A047-63E4C5CFCFCF}"
EndProject
Global
	GlobalSection(SolutionConfigurationPlatforms) = preSolution
		Debug|Any CPU = Debug|Any CPU
		Release|Any CPU = Release|Any CPU
	EndGlobalSection
	GlobalSection(ProjectConfigurationPlatforms) = postSolution
		{67A601C5-F367-4294-A047-63E4C5CFCFCF}.Debug|Any CPU.ActiveCfg = Debug|Any CPU
		{67A601C5-F367-4294-A047-63E4C5CFCFCF}.Debug|Any CPU.Build.0 = Debug|Any CPU
		{67A601C5-F367-4294-A047-63E4C5CFCFCF}.Release|Any CPU.ActiveCfg = Release|Any CPU
		{67A601C5-F367-4294-A047-63E4C5CFCFCF}.Release|Any CPU.Build.0 = Release|Any CPU
	EndGlobalSection
	GlobalSection(SolutionProperties) = preSolution
		HideSolutionNode = FALSE
	EndGlobalSection
EndGlobal
